// !$*UTF8*$!
{
	archiveVersion = 1;
	classes = {
	};
	objectVersion = 46;
	objects = {

/* Begin PBXBuildFile section */
		935861A718420033001823B6 /* Foundation.framework in Frameworks */ = {isa = PBXBuildFile; fileRef = 935861A618420033001823B6 /* Foundation.framework */; };
		935861A918420033001823B6 /* CoreGraphics.framework in Frameworks */ = {isa = PBXBuildFile; fileRef = 935861A818420033001823B6 /* CoreGraphics.framework */; };
		935861AB18420033001823B6 /* UIKit.framework in Frameworks */ = {isa = PBXBuildFile; fileRef = 935861AA18420033001823B6 /* UIKit.framework */; };
		935861B118420033001823B6 /* InfoPlist.strings in Resources */ = {isa = PBXBuildFile; fileRef = 935861AF18420033001823B6 /* InfoPlist.strings */; };
		935861B318420033001823B6 /* main.m in Sources */ = {isa = PBXBuildFile; fileRef = 935861B218420033001823B6 /* main.m */; };
		935861B718420033001823B6 /* WifiBaseAppDelegate.m in Sources */ = {isa = PBXBuildFile; fileRef = 935861B618420033001823B6 /* WifiBaseAppDelegate.m */; };
		935861B918420033001823B6 /* Images.xcassets in Resources */ = {isa = PBXBuildFile; fileRef = 935861B818420033001823B6 /* Images.xcassets */; };
		935861C018420033001823B6 /* XCTest.framework in Frameworks */ = {isa = PBXBuildFile; fileRef = 935861BF18420033001823B6 /* XCTest.framework */; };
		935861C118420033001823B6 /* Foundation.framework in Frameworks */ = {isa = PBXBuildFile; fileRef = 935861A618420033001823B6 /* Foundation.framework */; };
		935861C218420033001823B6 /* UIKit.framework in Frameworks */ = {isa = PBXBuildFile; fileRef = 935861AA18420033001823B6 /* UIKit.framework */; };
		935861CA18420033001823B6 /* InfoPlist.strings in Resources */ = {isa = PBXBuildFile; fileRef = 935861C818420033001823B6 /* InfoPlist.strings */; };
		935861CC18420033001823B6 /* WifiBaseTests.m in Sources */ = {isa = PBXBuildFile; fileRef = 935861CB18420033001823B6 /* WifiBaseTests.m */; };
/* End PBXBuildFile section */

/* Begin PBXContainerItemProxy section */
		935861C318420033001823B6 /* PBXContainerItemProxy */ = {
			isa = PBXContainerItemProxy;
			containerPortal = 9358619B18420033001823B6 /* Project object */;
			proxyType = 1;
			remoteGlobalIDString = 935861A218420033001823B6;
			remoteInfo = WifiBase;
		};
/* End PBXContainerItemProxy section */

/* Begin PBXFileReference section */
		935861A318420033001823B6 /* WifiBase.app */ = {isa = PBXFileReference; explicitFileType = wrapper.application; includeInIndex = 0; path = WifiBase.app; sourceTree = BUILT_PRODUCTS_DIR; };
		935861A618420033001823B6 /* Foundation.framework */ = {isa = PBXFileReference; lastKnownFileType = wrapper.framework; name = Foundation.framework; path = System/Library/Frameworks/Foundation.framework; sourceTree = SDKROOT; };
		935861A818420033001823B6 /* CoreGraphics.framework */ = {isa = PBXFileReference; lastKnownFileType = wrapper.framework; name = CoreGraphics.framework; path = System/Library/Frameworks/CoreGraphics.framework; sourceTree = SDKROOT; };
		935861AA18420033001823B6 /* UIKit.framework */ = {isa = PBXFileReference; lastKnownFileType = wrapper.framework; name = UIKit.framework; path = System/Library/Frameworks/UIKit.framework; sourceTree = SDKROOT; };
		935861AE18420033001823B6 /* WifiBase-Info.plist */ = {isa = PBXFileReference; lastKnownFileType = text.plist.xml; path = "WifiBase-Info.plist"; sourceTree = "<group>"; };
		935861B018420033001823B6 /* en */ = {isa = PBXFileReference; lastKnownFileType = text.plist.strings; name = en; path = en.lproj/InfoPlist.strings; sourceTree = "<group>"; };
		935861B218420033001823B6 /* main.m */ = {isa = PBXFileReference; lastKnownFileType = sourcecode.c.objc; path = main.m; sourceTree = "<group>"; };
		935861B418420033001823B6 /* WifiBase-Prefix.pch */ = {isa = PBXFileReference; lastKnownFileType = sourcecode.c.h; path = "WifiBase-Prefix.pch"; sourceTree = "<group>"; };
		935861B518420033001823B6 /* WifiBaseAppDelegate.h */ = {isa = PBXFileReference; lastKnownFileType = sourcecode.c.h; path = WifiBaseAppDelegate.h; sourceTree = "<group>"; };
		935861B618420033001823B6 /* WifiBaseAppDelegate.m */ = {isa = PBXFileReference; lastKnownFileType = sourcecode.c.objc; path = WifiBaseAppDelegate.m; sourceTree = "<group>"; };
		935861B818420033001823B6 /* Images.xcassets */ = {isa = PBXFileReference; lastKnownFileType = folder.assetcatalog; path = Images.xcassets; sourceTree = "<group>"; };
		935861BE18420033001823B6 /* WifiBaseTests.xctest */ = {isa = PBXFileReference; explicitFileType = wrapper.cfbundle; includeInIndex = 0; path = WifiBaseTests.xctest; sourceTree = BUILT_PRODUCTS_DIR; };
		935861BF18420033001823B6 /* XCTest.framework */ = {isa = PBXFileReference; lastKnownFileType = wrapper.framework; name = XCTest.framework; path = Library/Frameworks/XCTest.framework; sourceTree = DEVELOPER_DIR; };
		935861C718420033001823B6 /* WifiBaseTests-Info.plist */ = {isa = PBXFileReference; lastKnownFileType = text.plist.xml; path = "WifiBaseTests-Info.plist"; sourceTree = "<group>"; };
		935861C918420033001823B6 /* en */ = {isa = PBXFileReference; lastKnownFileType = text.plist.strings; name = en; path = en.lproj/InfoPlist.strings; sourceTree = "<group>"; };
		935861CB18420033001823B6 /* WifiBaseTests.m */ = {isa = PBXFileReference; lastKnownFileType = sourcecode.c.objc; path = WifiBaseTests.m; sourceTree = "<group>"; };
/* End PBXFileReference section */

/* Begin PBXFrameworksBuildPhase section */
		935861A018420033001823B6 /* Frameworks */ = {
			isa = PBXFrameworksBuildPhase;
			buildActionMask = 2147483647;
			files = (
				935861A918420033001823B6 /* CoreGraphics.framework in Frameworks */,
				935861AB18420033001823B6 /* UIKit.framework in Frameworks */,
				935861A718420033001823B6 /* Foundation.framework in Frameworks */,
			);
			runOnlyForDeploymentPostprocessing = 0;
		};
		935861BB18420033001823B6 /* Frameworks */ = {
			isa = PBXFrameworksBuildPhase;
			buildActionMask = 2147483647;
			files = (
				935861C018420033001823B6 /* XCTest.framework in Frameworks */,
				935861C218420033001823B6 /* UIKit.framework in Frameworks */,
				935861C118420033001823B6 /* Foundation.framework in Frameworks */,
			);
			runOnlyForDeploymentPostprocessing = 0;
		};
/* End PBXFrameworksBuildPhase section */

/* Begin PBXGroup section */
		9358619A18420033001823B6 = {
			isa = PBXGroup;
			children = (
				935861AC18420033001823B6 /* WifiBase */,
				935861C518420033001823B6 /* WifiBaseTests */,
				935861A518420033001823B6 /* Frameworks */,
				935861A418420033001823B6 /* Products */,
			);
			sourceTree = "<group>";
		};
		935861A418420033001823B6 /* Products */ = {
			isa = PBXGroup;
			children = (
				935861A318420033001823B6 /* WifiBase.app */,
				935861BE18420033001823B6 /* WifiBaseTests.xctest */,
			);
			name = Products;
			sourceTree = "<group>";
		};
		935861A518420033001823B6 /* Frameworks */ = {
			isa = PBXGroup;
			children = (
				935861A618420033001823B6 /* Foundation.framework */,
				935861A818420033001823B6 /* CoreGraphics.framework */,
				935861AA18420033001823B6 /* UIKit.framework */,
				935861BF18420033001823B6 /* XCTest.framework */,
			);
			name = Frameworks;
			sourceTree = "<group>";
		};
		935861AC18420033001823B6 /* WifiBase */ = {
			isa = PBXGroup;
			children = (
				935861B518420033001823B6 /* WifiBaseAppDelegate.h */,
				935861B618420033001823B6 /* WifiBaseAppDelegate.m */,
				935861B818420033001823B6 /* Images.xcassets */,
				935861AD18420033001823B6 /* Supporting Files */,
			);
			path = WifiBase;
			sourceTree = "<group>";
		};
		935861AD18420033001823B6 /* Supporting Files */ = {
			isa = PBXGroup;
			children = (
				935861AE18420033001823B6 /* WifiBase-Info.plist */,
				935861AF18420033001823B6 /* InfoPlist.strings */,
				935861B218420033001823B6 /* main.m */,
				935861B418420033001823B6 /* WifiBase-Prefix.pch */,
			);
			name = "Supporting Files";
			sourceTree = "<group>";
		};
		935861C518420033001823B6 /* WifiBaseTests */ = {
			isa = PBXGroup;
			children = (
				935861CB18420033001823B6 /* WifiBaseTests.m */,
				935861C618420033001823B6 /* Supporting Files */,
			);
			path = WifiBaseTests;
			sourceTree = "<group>";
		};
		935861C618420033001823B6 /* Supporting Files */ = {
			isa = PBXGroup;
			children = (
				935861C718420033001823B6 /* WifiBaseTests-Info.plist */,
				935861C818420033001823B6 /* InfoPlist.strings */,
			);
			name = "Supporting Files";
			sourceTree = "<group>";
		};
/* End PBXGroup section */

/* Begin PBXNativeTarget section */
		935861A218420033001823B6 /* WifiBase */ = {
			isa = PBXNativeTarget;
			buildConfigurationList = 935861CF18420033001823B6 /* Build configuration list for PBXNativeTarget "WifiBase" */;
			buildPhases = (
				9358619F18420033001823B6 /* Sources */,
				935861A018420033001823B6 /* Frameworks */,
				935861A118420033001823B6 /* Resources */,
			);
			buildRules = (
			);
			dependencies = (
			);
			name = WifiBase;
			productName = WifiBase;
			productReference = 935861A318420033001823B6 /* WifiBase.app */;
			productType = "com.apple.product-type.application";
		};
		935861BD18420033001823B6 /* WifiBaseTests */ = {
			isa = PBXNativeTarget;
			buildConfigurationList = 935861D218420033001823B6 /* Build configuration list for PBXNativeTarget "WifiBaseTests" */;
			buildPhases = (
				935861BA18420033001823B6 /* Sources */,
				935861BB18420033001823B6 /* Frameworks */,
				935861BC18420033001823B6 /* Resources */,
			);
			buildRules = (
			);
			dependencies = (
				935861C418420033001823B6 /* PBXTargetDependency */,
			);
			name = WifiBaseTests;
			productName = WifiBaseTests;
			productReference = 935861BE18420033001823B6 /* WifiBaseTests.xctest */;
			productType = "com.apple.product-type.bundle.unit-test";
		};
/* End PBXNativeTarget section */

/* Begin PBXProject section */
		9358619B18420033001823B6 /* Project object */ = {
			isa = PBXProject;
			attributes = {
				CLASSPREFIX = WifiBase;
				LastUpgradeCheck = 0500;
				ORGANIZATIONNAME = silentcloud;
				TargetAttributes = {
					935861BD18420033001823B6 = {
						TestTargetID = 935861A218420033001823B6;
					};
				};
			};
			buildConfigurationList = 9358619E18420033001823B6 /* Build configuration list for PBXProject "WifiBase" */;
			compatibilityVersion = "Xcode 3.2";
			developmentRegion = English;
			hasScannedForEncodings = 0;
			knownRegions = (
				en,
			);
			mainGroup = 9358619A18420033001823B6;
			productRefGroup = 935861A418420033001823B6 /* Products */;
			projectDirPath = "";
			projectRoot = "";
			targets = (
				935861A218420033001823B6 /* WifiBase */,
				935861BD18420033001823B6 /* WifiBaseTests */,
			);
		};
/* End PBXProject section */

/* Begin PBXResourcesBuildPhase section */
		935861A118420033001823B6 /* Resources */ = {
			isa = PBXResourcesBuildPhase;
			buildActionMask = 2147483647;
			files = (
				935861B118420033001823B6 /* InfoPlist.strings in Resources */,
				935861B918420033001823B6 /* Images.xcassets in Resources */,
			);
			runOnlyForDeploymentPostprocessing = 0;
		};
		935861BC18420033001823B6 /* Resources */ = {
			isa = PBXResourcesBuildPhase;
			buildActionMask = 2147483647;
			files = (
				935861CA18420033001823B6 /* InfoPlist.strings in Resources */,
			);
			runOnlyForDeploymentPostprocessing = 0;
		};
/* End PBXResourcesBuildPhase section */

/* Begin PBXSourcesBuildPhase section */
		9358619F18420033001823B6 /* Sources */ = {
			isa = PBXSourcesBuildPhase;
			buildActionMask = 2147483647;
			files = (
				935861B718420033001823B6 /* WifiBaseAppDelegate.m in Sources */,
				935861B318420033001823B6 /* main.m in Sources */,
			);
			runOnlyForDeploymentPostprocessing = 0;
		};
		935861BA18420033001823B6 /* Sources */ = {
			isa = PBXSourcesBuildPhase;
			buildActionMask = 2147483647;
			files = (
				935861CC18420033001823B6 /* WifiBaseTests.m in Sources */,
			);
			runOnlyForDeploymentPostprocessing = 0;
		};
/* End PBXSourcesBuildPhase section */

/* Begin PBXTargetDependency section */
		935861C418420033001823B6 /* PBXTargetDependency */ = {
			isa = PBXTargetDependency;
			target = 935861A218420033001823B6 /* WifiBase */;
			targetProxy = 935861C318420033001823B6 /* PBXContainerItemProxy */;
		};
/* End PBXTargetDependency section */

/* Begin PBXVariantGroup section */
		935861AF18420033001823B6 /* InfoPlist.strings */ = {
			isa = PBXVariantGroup;
			children = (
				935861B018420033001823B6 /* en */,
			);
			name = InfoPlist.strings;
			sourceTree = "<group>";
		};
		935861C818420033001823B6 /* InfoPlist.strings */ = {
			isa = PBXVariantGroup;
			children = (
				935861C918420033001823B6 /* en */,
			);
			name = InfoPlist.strings;
			sourceTree = "<group>";
		};
/* End PBXVariantGroup section */

/* Begin XCBuildConfiguration section */
		935861CD18420033001823B6 /* Debug */ = {
			isa = XCBuildConfiguration;
			buildSettings = {
				ALWAYS_SEARCH_USER_PATHS = NO;
				ARCHS = "$(ARCHS_STANDARD_INCLUDING_64_BIT)";
				CLANG_CXX_LANGUAGE_STANDARD = "gnu++0x";
				CLANG_CXX_LIBRARY = "libc++";
				CLANG_ENABLE_MODULES = YES;
				CLANG_ENABLE_OBJC_ARC = YES;
				CLANG_WARN_BOOL_CONVERSION = YES;
				CLANG_WARN_CONSTANT_CONVERSION = YES;
				CLANG_WARN_DIRECT_OBJC_ISA_USAGE = YES_ERROR;
				CLANG_WARN_EMPTY_BODY = YES;
				CLANG_WARN_ENUM_CONVERSION = YES;
				CLANG_WARN_INT_CONVERSION = YES;
				CLANG_WARN_OBJC_ROOT_CLASS = YES_ERROR;
				CLANG_WARN__DUPLICATE_METHOD_MATCH = YES;
				"CODE_SIGN_IDENTITY[sdk=iphoneos*]" = "iPhone Developer";
				COPY_PHASE_STRIP = NO;
				GCC_C_LANGUAGE_STANDARD = gnu99;
				GCC_DYNAMIC_NO_PIC = NO;
				GCC_OPTIMIZATION_LEVEL = 0;
				GCC_PREPROCESSOR_DEFINITIONS = (
					"DEBUG=1",
					"$(inherited)",
				);
				GCC_SYMBOLS_PRIVATE_EXTERN = NO;
				GCC_WARN_64_TO_32_BIT_CONVERSION = YES;
				GCC_WARN_ABOUT_RETURN_TYPE = YES_ERROR;
				GCC_WARN_UNDECLARED_SELECTOR = YES;
				GCC_WARN_UNINITIALIZED_AUTOS = YES;
				GCC_WARN_UNUSED_FUNCTION = YES;
				GCC_WARN_UNUSED_VARIABLE = YES;
				IPHONEOS_DEPLOYMENT_TARGET = 7.0;
				ONLY_ACTIVE_ARCH = YES;
				SDKROOT = iphoneos;
			};
			name = Debug;
		};
		935861CE18420033001823B6 /* Release */ = {
			isa = XCBuildConfiguration;
			buildSettings = {
				ALWAYS_SEARCH_USER_PATHS = NO;
				ARCHS = "$(ARCHS_STANDARD_INCLUDING_64_BIT)";
				CLANG_CXX_LANGUAGE_STANDARD = "gnu++0x";
				CLANG_CXX_LIBRARY = "libc++";
				CLANG_ENABLE_MODULES = YES;
				CLANG_ENABLE_OBJC_ARC = YES;
				CLANG_WARN_BOOL_CONVERSION = YES;
				CLANG_WARN_CONSTANT_CONVERSION = YES;
				CLANG_WARN_DIRECT_OBJC_ISA_USAGE = YES_ERROR;
				CLANG_WARN_EMPTY_BODY = YES;
				CLANG_WARN_ENUM_CONVERSION = YES;
				CLANG_WARN_INT_CONVERSION = YES;
				CLANG_WARN_OBJC_ROOT_CLASS = YES_ERROR;
				CLANG_WARN__DUPLICATE_METHOD_MATCH = YES;
				"CODE_SIGN_IDENTITY[sdk=iphoneos*]" = "iPhone Developer";
				COPY_PHASE_STRIP = YES;
				ENABLE_NS_ASSERTIONS = NO;
				GCC_C_LANGUAGE_STANDARD = gnu99;
				GCC_WARN_64_TO_32_BIT_CONVERSION = YES;
				GCC_WARN_ABOUT_RETURN_TYPE = YES_ERROR;
				GCC_WARN_UNDECLARED_SELECTOR = YES;
				GCC_WARN_UNINITIALIZED_AUTOS = YES;
				GCC_WARN_UNUSED_FUNCTION = YES;
				GCC_WARN_UNUSED_VARIABLE = YES;
				IPHONEOS_DEPLOYMENT_TARGET = 7.0;
				SDKROOT = iphoneos;
				VALIDATE_PRODUCT = YES;
			};
			name = Release;
		};
		935861D018420033001823B6 /* Debug */ = {
			isa = XCBuildConfiguration;
			buildSettings = {
				ASSETCATALOG_COMPILER_APPICON_NAME = AppIcon;
				ASSETCATALOG_COMPILER_LAUNCHIMAGE_NAME = LaunchImage;
				GCC_PRECOMPILE_PREFIX_HEADER = YES;
				GCC_PREFIX_HEADER = "WifiBase/WifiBase-Prefix.pch";
				INFOPLIST_FILE = "WifiBase/WifiBase-Info.plist";
				PRODUCT_NAME = "$(TARGET_NAME)";
				WRAPPER_EXTENSION = app;
			};
			name = Debug;
		};
		935861D118420033001823B6 /* Release */ = {
			isa = XCBuildConfiguration;
			buildSettings = {
				ASSETCATALOG_COMPILER_APPICON_NAME = AppIcon;
				ASSETCATALOG_COMPILER_LAUNCHIMAGE_NAME = LaunchImage;
				GCC_PRECOMPILE_PREFIX_HEADER = YES;
				GCC_PREFIX_HEADER = "WifiBase/WifiBase-Prefix.pch";
				INFOPLIST_FILE = "WifiBase/WifiBase-Info.plist";
				PRODUCT_NAME = "$(TARGET_NAME)";
				WRAPPER_EXTENSION = app;
			};
			name = Release;
		};
		935861D318420033001823B6 /* Debug */ = {
			isa = XCBuildConfiguration;
			buildSettings = {
				ARCHS = "$(ARCHS_STANDARD_INCLUDING_64_BIT)";
				BUNDLE_LOADER = "$(BUILT_PRODUCTS_DIR)/WifiBase.app/WifiBase";
				FRAMEWORK_SEARCH_PATHS = (
					"$(SDKROOT)/Developer/Library/Frameworks",
					"$(inherited)",
					"$(DEVELOPER_FRAMEWORKS_DIR)",
				);
				GCC_PRECOMPILE_PREFIX_HEADER = YES;
				GCC_PREFIX_HEADER = "WifiBase/WifiBase-Prefix.pch";
				GCC_PREPROCESSOR_DEFINITIONS = (
					"DEBUG=1",
					"$(inherited)",
				);
				INFOPLIST_FILE = "WifiBaseTests/WifiBaseTests-Info.plist";
				PRODUCT_NAME = "$(TARGET_NAME)";
				TEST_HOST = "$(BUNDLE_LOADER)";
				WRAPPER_EXTENSION = xctest;
			};
			name = Debug;
		};
		935861D418420033001823B6 /* Release */ = {
			isa = XCBuildConfiguration;
			buildSettings = {
				ARCHS = "$(ARCHS_STANDARD_INCLUDING_64_BIT)";
				BUNDLE_LOADER = "$(BUILT_PRODUCTS_DIR)/WifiBase.app/WifiBase";
				FRAMEWORK_SEARCH_PATHS = (
					"$(SDKROOT)/Developer/Library/Frameworks",
					"$(inherited)",
					"$(DEVELOPER_FRAMEWORKS_DIR)",
				);
				GCC_PRECOMPILE_PREFIX_HEADER = YES;
				GCC_PREFIX_HEADER = "WifiBase/WifiBase-Prefix.pch";
				INFOPLIST_FILE = "WifiBaseTests/WifiBaseTests-Info.plist";
				PRODUCT_NAME = "$(TARGET_NAME)";
				TEST_HOST = "$(BUNDLE_LOADER)";
				WRAPPER_EXTENSION = xctest;
			};
			name = Release;
		};
/* End XCBuildConfiguration section */

/* Begin XCConfigurationList section */
		9358619E18420033001823B6 /* Build configuration list for PBXProject "WifiBase" */ = {
			isa = XCConfigurationList;
			buildConfigurations = (
				935861CD18420033001823B6 /* Debug */,
				935861CE18420033001823B6 /* Release */,
			);
			defaultConfigurationIsVisible = 0;
			defaultConfigurationName = Release;
		};
		935861CF18420033001823B6 /* Build configuration list for PBXNativeTarget "WifiBase" */ = {
			isa = XCConfigurationList;
			buildConfigurations = (
				935861D018420033001823B6 /* Debug */,
				935861D118420033001823B6 /* Release */,
			);
			defaultConfigurationIsVisible = 0;
		};
		935861D218420033001823B6 /* Build configuration list for PBXNativeTarget "WifiBaseTests" */ = {
			isa = XCConfigurationList;
			buildConfigurations = (
				935861D318420033001823B6 /* Debug */,
				935861D418420033001823B6 /* Release */,
			);
			defaultConfigurationIsVisible = 0;
		};
/* End XCConfigurationList section */
	};
	rootObject = 9358619B18420033001823B6 /* Project object */;
}
